
Microsoft Visual Studio Solution File, Format Version 12.00
# Visual Studio Version 16
VisualStudioVersion = 16.0.31729.503
MinimumVisualStudioVersion = 10.0.40219.1
Project("{FAE04EC0-301F-11D3-BF4B-00C04F79EFBC}") = "Archivo de texto", "Archivo de texto\Archivo de texto.csproj", "{C05B543F-77AA-45ED-B070-E09C87A76D69}"
EndProject
Global
	GlobalSection(SolutionConfigurationPlatforms) = preSolution
		Debug|Any CPU = Debug|Any CPU
		Release|Any CPU = Release|Any CPU
	EndGlobalSection
	GlobalSection(ProjectConfigurationPlatforms) = postSolution
		{C05B543F-77AA-45ED-B070-E09C87A76D69}.Debug|Any CPU.ActiveCfg = Debug|Any CPU
		{C05B543F-77AA-45ED-B070-E09C87A76D69}.Debug|Any CPU.Build.0 = Debug|Any CPU
		{C05B543F-77AA-45ED-B070-E09C87A76D69}.Release|Any CPU.ActiveCfg = Release|Any CPU
		{C05B543F-77AA-45ED-B070-E09C87A76D69}.Release|Any CPU.Build.0 = Release|Any CPU
	EndGlobalSection
	GlobalSection(SolutionProperties) = preSolution
		HideSolutionNode = FALSE
	EndGlobalSection
	GlobalSection(ExtensibilityGlobals) = postSolution
		SolutionGuid = {6B8A8614-575C-4F76-BD6C-3F824E09E8AF}
	EndGlobalSection
EndGlobal
